
Microsoft Visual Studio Solution File, Format Version 12.00
# Visual Studio 15
VisualStudioVersion = 15.0.28010.2016
MinimumVisualStudioVersion = 10.0.40219.1
Project("{FAE04EC0-301F-11D3-BF4B-00C04F79EFBC}") = "EmbedApiPowerBI", "EmbedApiPowerBI\EmbedApiPowerBI.csproj", "{600537C3-F104-4926-AA5D-AE3A343EBDAA}"
EndProject
Project("{FAE04EC0-301F-11D3-BF4B-00C04F79EFBC}") = "WebApiEmbedPowerBI", "WebApiEmbedPowerBI\WebApiEmbedPowerBI.csproj", "{F6426407-9499-4698-AEBF-7E9F37E0FBB3}"
EndProject
Project("{FAE04EC0-301F-11D3-BF4B-00C04F79EFBC}") = "TestApp", "TestApp\TestApp.csproj", "{D2D0E8A0-DD99-4FF2-B27E-C564877FA6E0}"
EndProject
Global
	GlobalSection(SolutionConfigurationPlatforms) = preSolution
		Debug|Any CPU = Debug|Any CPU
		Release|Any CPU = Release|Any CPU
	EndGlobalSection
	GlobalSection(ProjectConfigurationPlatforms) = postSolution
		{600537C3-F104-4926-AA5D-AE3A343EBDAA}.Debug|Any CPU.ActiveCfg = Debug|Any CPU
		{600537C3-F104-4926-AA5D-AE3A343EBDAA}.Debug|Any CPU.Build.0 = Debug|Any CPU
		{600537C3-F104-4926-AA5D-AE3A343EBDAA}.Release|Any CPU.ActiveCfg = Release|Any CPU
		{600537C3-F104-4926-AA5D-AE3A343EBDAA}.Release|Any CPU.Build.0 = Release|Any CPU
		{F6426407-9499-4698-AEBF-7E9F37E0FBB3}.Debug|Any CPU.ActiveCfg = Debug|Any CPU
		{F6426407-9499-4698-AEBF-7E9F37E0FBB3}.Debug|Any CPU.Build.0 = Debug|Any CPU
		{F6426407-9499-4698-AEBF-7E9F37E0FBB3}.Release|Any CPU.ActiveCfg = Release|Any CPU
		{F6426407-9499-4698-AEBF-7E9F37E0FBB3}.Release|Any CPU.Build.0 = Release|Any CPU
		{D2D0E8A0-DD99-4FF2-B27E-C564877FA6E0}.Debug|Any CPU.ActiveCfg = Debug|Any CPU
		{D2D0E8A0-DD99-4FF2-B27E-C564877FA6E0}.Debug|Any CPU.Build.0 = Debug|Any CPU
		{D2D0E8A0-DD99-4FF2-B27E-C564877FA6E0}.Release|Any CPU.ActiveCfg = Release|Any CPU
		{D2D0E8A0-DD99-4FF2-B27E-C564877FA6E0}.Release|Any CPU.Build.0 = Release|Any CPU
	EndGlobalSection
	GlobalSection(SolutionProperties) = preSolution
		HideSolutionNode = FALSE
	EndGlobalSection
	GlobalSection(ExtensibilityGlobals) = postSolution
		SolutionGuid = {D2AFA48D-27BE-4421-95BC-024D51B74502}
	EndGlobalSection
EndGlobal
